
Microsoft Visual Studio Solution File, Format Version 12.00
# Visual Studio 2012
Project("{FAE04EC0-301F-11D3-BF4B-00C04F79EFBC}") = "PodiumTimeApp", "PodiumTimeApp\PodiumTimeApp.csproj", "{7F6101A8-5B7C-493B-A646-B691DFAFAE55}"
EndProject
Project("{FAE04EC0-301F-11D3-BF4B-00C04F79EFBC}") = "PodiumTimeReports", "PodiumTimeReports\PodiumTimeReports.csproj", "{F517B325-8BF0-4A85-9396-53DEEA92660B}"
EndProject
Project("{FAE04EC0-301F-11D3-BF4B-00C04F79EFBC}") = "PodiumTimeModels", "PodiumTimeModels\PodiumTimeModels.csproj", "{04B3C592-771C-48D1-95AE-01321CAC63C4}"
EndProject
Project("{6141683F-8A12-4E36-9623-2EB02B2C2303}") = "PodiumTimeSetup", "PodiumTimeSetup\PodiumTimeSetup.isproj", "{877CDD02-9AAF-465D-91D6-110529C75AAC}"
EndProject
Project("{FAE04EC0-301F-11D3-BF4B-00C04F79EFBC}") = "PodiumTimeController", "PodiumTimeController\PodiumTimeController.csproj", "{968B6489-0C37-4228-9215-D9CBF7CB2A57}"
EndProject
Global
	GlobalSection(SolutionConfigurationPlatforms) = preSolution
		CD_ROM|Any CPU = CD_ROM|Any CPU
		CD_ROM|Mixed Platforms = CD_ROM|Mixed Platforms
		CD_ROM|x86 = CD_ROM|x86
		Debug|Any CPU = Debug|Any CPU
		Debug|Mixed Platforms = Debug|Mixed Platforms
		Debug|x86 = Debug|x86
		DVD-5|Any CPU = DVD-5|Any CPU
		DVD-5|Mixed Platforms = DVD-5|Mixed Platforms
		DVD-5|x86 = DVD-5|x86
		Release|Any CPU = Release|Any CPU
		Release|Mixed Platforms = Release|Mixed Platforms
		Release|x86 = Release|x86
		SingleImage|Any CPU = SingleImage|Any CPU
		SingleImage|Mixed Platforms = SingleImage|Mixed Platforms
		SingleImage|x86 = SingleImage|x86
	EndGlobalSection
	GlobalSection(ProjectConfigurationPlatforms) = postSolution
		{7F6101A8-5B7C-493B-A646-B691DFAFAE55}.CD_ROM|Any CPU.ActiveCfg = Release|x86
		{7F6101A8-5B7C-493B-A646-B691DFAFAE55}.CD_ROM|Mixed Platforms.ActiveCfg = Release|x86
		{7F6101A8-5B7C-493B-A646-B691DFAFAE55}.CD_ROM|Mixed Platforms.Build.0 = Release|x86
		{7F6101A8-5B7C-493B-A646-B691DFAFAE55}.CD_ROM|x86.ActiveCfg = Release|x86
		{7F6101A8-5B7C-493B-A646-B691DFAFAE55}.CD_ROM|x86.Build.0 = Release|x86
		{7F6101A8-5B7C-493B-A646-B691DFAFAE55}.Debug|Any CPU.ActiveCfg = Debug|x86
		{7F6101A8-5B7C-493B-A646-B691DFAFAE55}.Debug|Mixed Platforms.ActiveCfg = Debug|x86
		{7F6101A8-5B7C-493B-A646-B691DFAFAE55}.Debug|Mixed Platforms.Build.0 = Debug|x86
		{7F6101A8-5B7C-493B-A646-B691DFAFAE55}.Debug|x86.ActiveCfg = Debug|x86
		{7F6101A8-5B7C-493B-A646-B691DFAFAE55}.Debug|x86.Build.0 = Debug|x86
		{7F6101A8-5B7C-493B-A646-B691DFAFAE55}.DVD-5|Any CPU.ActiveCfg = Debug|x86
		{7F6101A8-5B7C-493B-A646-B691DFAFAE55}.DVD-5|Mixed Platforms.ActiveCfg = Debug|x86
		{7F6101A8-5B7C-493B-A646-B691DFAFAE55}.DVD-5|Mixed Platforms.Build.0 = Debug|x86
		{7F6101A8-5B7C-493B-A646-B691DFAFAE55}.DVD-5|x86.ActiveCfg = Debug|x86
		{7F6101A8-5B7C-493B-A646-B691DFAFAE55}.DVD-5|x86.Build.0 = Debug|x86
		{7F6101A8-5B7C-493B-A646-B691DFAFAE55}.Release|Any CPU.ActiveCfg = Release|x86
		{7F6101A8-5B7C-493B-A646-B691DFAFAE55}.Release|Mixed Platforms.ActiveCfg = Release|x86
		{7F6101A8-5B7C-493B-A646-B691DFAFAE55}.Release|Mixed Platforms.Build.0 = Release|x86
		{7F6101A8-5B7C-493B-A646-B691DFAFAE55}.Release|x86.ActiveCfg = Release|x86
		{7F6101A8-5B7C-493B-A646-B691DFAFAE55}.Release|x86.Build.0 = Release|x86
		{7F6101A8-5B7C-493B-A646-B691DFAFAE55}.SingleImage|Any CPU.ActiveCfg = Release|x86
		{7F6101A8-5B7C-493B-A646-B691DFAFAE55}.SingleImage|Mixed Platforms.ActiveCfg = Release|x86
		{7F6101A8-5B7C-493B-A646-B691DFAFAE55}.SingleImage|Mixed Platforms.Build.0 = Release|x86
		{7F6101A8-5B7C-493B-A646-B691DFAFAE55}.SingleImage|x86.ActiveCfg = Release|x86
		{7F6101A8-5B7C-493B-A646-B691DFAFAE55}.SingleImage|x86.Build.0 = Release|x86
		{F517B325-8BF0-4A85-9396-53DEEA92660B}.CD_ROM|Any CPU.ActiveCfg = Release|Any CPU
		{F517B325-8BF0-4A85-9396-53DEEA92660B}.CD_ROM|Any CPU.Build.0 = Release|Any CPU
		{F517B325-8BF0-4A85-9396-53DEEA92660B}.CD_ROM|Mixed Platforms.ActiveCfg = Release|Any CPU
		{F517B325-8BF0-4A85-9396-53DEEA92660B}.CD_ROM|Mixed Platforms.Build.0 = Release|Any CPU
		{F517B325-8BF0-4A85-9396-53DEEA92660B}.CD_ROM|x86.ActiveCfg = Release|Any CPU
		{F517B325-8BF0-4A85-9396-53DEEA92660B}.Debug|Any CPU.ActiveCfg = Debug|Any CPU
		{F517B325-8BF0-4A85-9396-53DEEA92660B}.Debug|Any CPU.Build.0 = Debug|Any CPU
		{F517B325-8BF0-4A85-9396-53DEEA92660B}.Debug|Mixed Platforms.ActiveCfg = Debug|Any CPU
		{F517B325-8BF0-4A85-9396-53DEEA92660B}.Debug|Mixed Platforms.Build.0 = Debug|Any CPU
		{F517B325-8BF0-4A85-9396-53DEEA92660B}.Debug|x86.ActiveCfg = Debug|Any CPU
		{F517B325-8BF0-4A85-9396-53DEEA92660B}.Debug|x86.Build.0 = Debug|Any CPU
		{F517B325-8BF0-4A85-9396-53DEEA92660B}.DVD-5|Any CPU.ActiveCfg = Debug|Any CPU
		{F517B325-8BF0-4A85-9396-53DEEA92660B}.DVD-5|Any CPU.Build.0 = Debug|Any CPU
		{F517B325-8BF0-4A85-9396-53DEEA92660B}.DVD-5|Mixed Platforms.ActiveCfg = Debug|Any CPU
		{F517B325-8BF0-4A85-9396-53DEEA92660B}.DVD-5|Mixed Platforms.Build.0 = Debug|Any CPU
		{F517B325-8BF0-4A85-9396-53DEEA92660B}.DVD-5|x86.ActiveCfg = Debug|Any CPU
		{F517B325-8BF0-4A85-9396-53DEEA92660B}.Release|Any CPU.ActiveCfg = Release|Any CPU
		{F517B325-8BF0-4A85-9396-53DEEA92660B}.Release|Any CPU.Build.0 = Release|Any CPU
		{F517B325-8BF0-4A85-9396-53DEEA92660B}.Release|Mixed Platforms.ActiveCfg = Release|Any CPU
		{F517B325-8BF0-4A85-9396-53DEEA92660B}.Release|Mixed Platforms.Build.0 = Release|Any CPU
		{F517B325-8BF0-4A85-9396-53DEEA92660B}.Release|x86.ActiveCfg = Release|Any CPU
		{F517B325-8BF0-4A85-9396-53DEEA92660B}.SingleImage|Any CPU.ActiveCfg = Release|Any CPU
		{F517B325-8BF0-4A85-9396-53DEEA92660B}.SingleImage|Any CPU.Build.0 = Release|Any CPU
		{F517B325-8BF0-4A85-9396-53DEEA92660B}.SingleImage|Mixed Platforms.ActiveCfg = Release|Any CPU
		{F517B325-8BF0-4A85-9396-53DEEA92660B}.SingleImage|Mixed Platforms.Build.0 = Release|Any CPU
		{F517B325-8BF0-4A85-9396-53DEEA92660B}.SingleImage|x86.ActiveCfg = Release|Any CPU
		{04B3C592-771C-48D1-95AE-01321CAC63C4}.CD_ROM|Any CPU.ActiveCfg = Release|Any CPU
		{04B3C592-771C-48D1-95AE-01321CAC63C4}.CD_ROM|Any CPU.Build.0 = Release|Any CPU
		{04B3C592-771C-48D1-95AE-01321CAC63C4}.CD_ROM|Mixed Platforms.ActiveCfg = Release|Any CPU
		{04B3C592-771C-48D1-95AE-01321CAC63C4}.CD_ROM|Mixed Platforms.Build.0 = Release|Any CPU
		{04B3C592-771C-48D1-95AE-01321CAC63C4}.CD_ROM|x86.ActiveCfg = Release|Any CPU
		{04B3C592-771C-48D1-95AE-01321CAC63C4}.Debug|Any CPU.ActiveCfg = Debug|Any CPU
		{04B3C592-771C-48D1-95AE-01321CAC63C4}.Debug|Any CPU.Build.0 = Debug|Any CPU
		{04B3C592-771C-48D1-95AE-01321CAC63C4}.Debug|Mixed Platforms.ActiveCfg = Debug|Any CPU
		{04B3C592-771C-48D1-95AE-01321CAC63C4}.Debug|Mixed Platforms.Build.0 = Debug|Any CPU
		{04B3C592-771C-48D1-95AE-01321CAC63C4}.Debug|x86.ActiveCfg = Debug|Any CPU
		{04B3C592-771C-48D1-95AE-01321CAC63C4}.Debug|x86.Build.0 = Debug|Any CPU
		{04B3C592-771C-48D1-95AE-01321CAC63C4}.DVD-5|Any CPU.ActiveCfg = Debug|Any CPU
		{04B3C592-771C-48D1-95AE-01321CAC63C4}.DVD-5|Any CPU.Build.0 = Debug|Any CPU
		{04B3C592-771C-48D1-95AE-01321CAC63C4}.DVD-5|Mixed Platforms.ActiveCfg = Debug|Any CPU
		{04B3C592-771C-48D1-95AE-01321CAC63C4}.DVD-5|Mixed Platforms.Build.0 = Debug|Any CPU
		{04B3C592-771C-48D1-95AE-01321CAC63C4}.DVD-5|x86.ActiveCfg = Debug|Any CPU
		{04B3C592-771C-48D1-95AE-01321CAC63C4}.Release|Any CPU.ActiveCfg = Release|Any CPU
		{04B3C592-771C-48D1-95AE-01321CAC63C4}.Release|Any CPU.Build.0 = Release|Any CPU
		{04B3C592-771C-48D1-95AE-01321CAC63C4}.Release|Mixed Platforms.ActiveCfg = Release|Any CPU
		{04B3C592-771C-48D1-95AE-01321CAC63C4}.Release|Mixed Platforms.Build.0 = Release|Any CPU
		{04B3C592-771C-48D1-95AE-01321CAC63C4}.Release|x86.ActiveCfg = Release|Any CPU
		{04B3C592-771C-48D1-95AE-01321CAC63C4}.SingleImage|Any CPU.ActiveCfg = Release|Any CPU
		{04B3C592-771C-48D1-95AE-01321CAC63C4}.SingleImage|Any CPU.Build.0 = Release|Any CPU
		{04B3C592-771C-48D1-95AE-01321CAC63C4}.SingleImage|Mixed Platforms.ActiveCfg = Release|Any CPU
		{04B3C592-771C-48D1-95AE-01321CAC63C4}.SingleImage|Mixed Platforms.Build.0 = Release|Any CPU
		{04B3C592-771C-48D1-95AE-01321CAC63C4}.SingleImage|x86.ActiveCfg = Release|Any CPU
		{877CDD02-9AAF-465D-91D6-110529C75AAC}.CD_ROM|Any CPU.ActiveCfg = CD_ROM
		{877CDD02-9AAF-465D-91D6-110529C75AAC}.CD_ROM|Any CPU.Build.0 = CD_ROM
		{877CDD02-9AAF-465D-91D6-110529C75AAC}.CD_ROM|Mixed Platforms.ActiveCfg = CD_ROM
		{877CDD02-9AAF-465D-91D6-110529C75AAC}.CD_ROM|Mixed Platforms.Build.0 = CD_ROM
		{877CDD02-9AAF-465D-91D6-110529C75AAC}.CD_ROM|x86.ActiveCfg = CD_ROM
		{877CDD02-9AAF-465D-91D6-110529C75AAC}.CD_ROM|x86.Build.0 = CD_ROM
		{877CDD02-9AAF-465D-91D6-110529C75AAC}.Debug|Any CPU.ActiveCfg = DVD-5
		{877CDD02-9AAF-465D-91D6-110529C75AAC}.Debug|Any CPU.Build.0 = DVD-5
		{877CDD02-9AAF-465D-91D6-110529C75AAC}.Debug|Mixed Platforms.ActiveCfg = SingleImage
		{877CDD02-9AAF-465D-91D6-110529C75AAC}.Debug|x86.ActiveCfg = DVD-5
		{877CDD02-9AAF-465D-91D6-110529C75AAC}.DVD-5|Any CPU.ActiveCfg = DVD-5
		{877CDD02-9AAF-465D-91D6-110529C75AAC}.DVD-5|Any CPU.Build.0 = DVD-5
		{877CDD02-9AAF-465D-91D6-110529C75AAC}.DVD-5|Mixed Platforms.ActiveCfg = DVD-5
		{877CDD02-9AAF-465D-91D6-110529C75AAC}.DVD-5|Mixed Platforms.Build.0 = DVD-5
		{877CDD02-9AAF-465D-91D6-110529C75AAC}.DVD-5|x86.ActiveCfg = DVD-5
		{877CDD02-9AAF-465D-91D6-110529C75AAC}.DVD-5|x86.Build.0 = DVD-5
		{877CDD02-9AAF-465D-91D6-110529C75AAC}.Release|Any CPU.ActiveCfg = SingleImage
		{877CDD02-9AAF-465D-91D6-110529C75AAC}.Release|Any CPU.Build.0 = SingleImage
		{877CDD02-9AAF-465D-91D6-110529C75AAC}.Release|Mixed Platforms.ActiveCfg = SingleImage
		{877CDD02-9AAF-465D-91D6-110529C75AAC}.Release|Mixed Platforms.Build.0 = SingleImage
		{877CDD02-9AAF-465D-91D6-110529C75AAC}.Release|x86.ActiveCfg = SingleImage
		{877CDD02-9AAF-465D-91D6-110529C75AAC}.Release|x86.Build.0 = SingleImage
		{877CDD02-9AAF-465D-91D6-110529C75AAC}.SingleImage|Any CPU.ActiveCfg = SingleImage
		{877CDD02-9AAF-465D-91D6-110529C75AAC}.SingleImage|Any CPU.Build.0 = SingleImage
		{877CDD02-9AAF-465D-91D6-110529C75AAC}.SingleImage|Mixed Platforms.ActiveCfg = SingleImage
		{877CDD02-9AAF-465D-91D6-110529C75AAC}.SingleImage|Mixed Platforms.Build.0 = SingleImage
		{877CDD02-9AAF-465D-91D6-110529C75AAC}.SingleImage|x86.ActiveCfg = SingleImage
		{877CDD02-9AAF-465D-91D6-110529C75AAC}.SingleImage|x86.Build.0 = SingleImage
		{968B6489-0C37-4228-9215-D9CBF7CB2A57}.CD_ROM|Any CPU.ActiveCfg = Release|Any CPU
		{968B6489-0C37-4228-9215-D9CBF7CB2A57}.CD_ROM|Any CPU.Build.0 = Release|Any CPU
		{968B6489-0C37-4228-9215-D9CBF7CB2A57}.CD_ROM|Mixed Platforms.ActiveCfg = Release|Any CPU
		{968B6489-0C37-4228-9215-D9CBF7CB2A57}.CD_ROM|Mixed Platforms.Build.0 = Release|Any CPU
		{968B6489-0C37-4228-9215-D9CBF7CB2A57}.CD_ROM|x86.ActiveCfg = Release|Any CPU
		{968B6489-0C37-4228-9215-D9CBF7CB2A57}.Debug|Any CPU.ActiveCfg = Debug|Any CPU
		{968B6489-0C37-4228-9215-D9CBF7CB2A57}.Debug|Any CPU.Build.0 = Debug|Any CPU
		{968B6489-0C37-4228-9215-D9CBF7CB2A57}.Debug|Mixed Platforms.ActiveCfg = Debug|Any CPU
		{968B6489-0C37-4228-9215-D9CBF7CB2A57}.Debug|Mixed Platforms.Build.0 = Debug|Any CPU
		{968B6489-0C37-4228-9215-D9CBF7CB2A57}.Debug|x86.ActiveCfg = Debug|Any CPU
		{968B6489-0C37-4228-9215-D9CBF7CB2A57}.Debug|x86.Build.0 = Debug|Any CPU
		{968B6489-0C37-4228-9215-D9CBF7CB2A57}.DVD-5|Any CPU.ActiveCfg = Debug|Any CPU
		{968B6489-0C37-4228-9215-D9CBF7CB2A57}.DVD-5|Any CPU.Build.0 = Debug|Any CPU
		{968B6489-0C37-4228-9215-D9CBF7CB2A57}.DVD-5|Mixed Platforms.ActiveCfg = Debug|Any CPU
		{968B6489-0C37-4228-9215-D9CBF7CB2A57}.DVD-5|Mixed Platforms.Build.0 = Debug|Any CPU
		{968B6489-0C37-4228-9215-D9CBF7CB2A57}.DVD-5|x86.ActiveCfg = Debug|Any CPU
		{968B6489-0C37-4228-9215-D9CBF7CB2A57}.Release|Any CPU.ActiveCfg = Release|Any CPU
		{968B6489-0C37-4228-9215-D9CBF7CB2A57}.Release|Any CPU.Build.0 = Release|Any CPU
		{968B6489-0C37-4228-9215-D9CBF7CB2A57}.Release|Mixed Platforms.ActiveCfg = Release|Any CPU
		{968B6489-0C37-4228-9215-D9CBF7CB2A57}.Release|Mixed Platforms.Build.0 = Release|Any CPU
		{968B6489-0C37-4228-9215-D9CBF7CB2A57}.Release|x86.ActiveCfg = Release|Any CPU
		{968B6489-0C37-4228-9215-D9CBF7CB2A57}.SingleImage|Any CPU.ActiveCfg = Release|Any CPU
		{968B6489-0C37-4228-9215-D9CBF7CB2A57}.SingleImage|Any CPU.Build.0 = Release|Any CPU
		{968B6489-0C37-4228-9215-D9CBF7CB2A57}.SingleImage|Mixed Platforms.ActiveCfg = Release|Any CPU
		{968B6489-0C37-4228-9215-D9CBF7CB2A57}.SingleImage|Mixed Platforms.Build.0 = Release|Any CPU
		{968B6489-0C37-4228-9215-D9CBF7CB2A57}.SingleImage|x86.ActiveCfg = Release|Any CPU
	EndGlobalSection
	GlobalSection(SolutionProperties) = preSolution
		HideSolutionNode = FALSE
	EndGlobalSection
EndGlobal
